
Microsoft Visual Studio Solution File, Format Version 12.00
# Visual Studio Version 17
VisualStudioVersion = 17.14.36310.24
MinimumVisualStudioVersion = 10.0.40219.1
Project("{FAE04EC0-301F-11D3-BF4B-00C04F79EFBC}") = "chapter-01", "chapter-01\chapter-01.csproj", "{9A4F75E1-DF9C-45F9-B4BC-ED9D206CD596}"
EndProject
Project("{FAE04EC0-301F-11D3-BF4B-00C04F79EFBC}") = "chapter-03", "chapter-03\chapter-03.csproj", "{DAEB53D9-5110-4B38-BC21-85BCCC402C24}"
EndProject
Global
	GlobalSection(SolutionConfigurationPlatforms) = preSolution
		Debug|Any CPU = Debug|Any CPU
		Release|Any CPU = Release|Any CPU
	EndGlobalSection
	GlobalSection(ProjectConfigurationPlatforms) = postSolution
		{9A4F75E1-DF9C-45F9-B4BC-ED9D206CD596}.Debug|Any CPU.ActiveCfg = Debug|Any CPU
		{9A4F75E1-DF9C-45F9-B4BC-ED9D206CD596}.Debug|Any CPU.Build.0 = Debug|Any CPU
		{9A4F75E1-DF9C-45F9-B4BC-ED9D206CD596}.Release|Any CPU.ActiveCfg = Release|Any CPU
		{9A4F75E1-DF9C-45F9-B4BC-ED9D206CD596}.Release|Any CPU.Build.0 = Release|Any CPU
		{DAEB53D9-5110-4B38-BC21-85BCCC402C24}.Debug|Any CPU.ActiveCfg = Debug|Any CPU
		{DAEB53D9-5110-4B38-BC21-85BCCC402C24}.Debug|Any CPU.Build.0 = Debug|Any CPU
		{DAEB53D9-5110-4B38-BC21-85BCCC402C24}.Release|Any CPU.ActiveCfg = Release|Any CPU
		{DAEB53D9-5110-4B38-BC21-85BCCC402C24}.Release|Any CPU.Build.0 = Release|Any CPU
	EndGlobalSection
	GlobalSection(SolutionProperties) = preSolution
		HideSolutionNode = FALSE
	EndGlobalSection
	GlobalSection(ExtensibilityGlobals) = postSolution
		SolutionGuid = {12D6E5B8-2B25-4168-82F2-96D0B1F5BBC5}
	EndGlobalSection
EndGlobal
